
Microsoft Visual Studio Solution File, Format Version 12.00
# Visual Studio Version 16
VisualStudioVersion = 16.0.31729.503
MinimumVisualStudioVersion = 10.0.40219.1
Project("{FAE04EC0-301F-11D3-BF4B-00C04F79EFBC}") = "Cvecara", "Cvecara\Cvecara.csproj", "{256BFFAD-4033-40B4-AEA5-B8DAA9C56729}"
EndProject
Global
	GlobalSection(SolutionConfigurationPlatforms) = preSolution
		Debug|Any CPU = Debug|Any CPU
		Release|Any CPU = Release|Any CPU
	EndGlobalSection
	GlobalSection(ProjectConfigurationPlatforms) = postSolution
		{256BFFAD-4033-40B4-AEA5-B8DAA9C56729}.Debug|Any CPU.ActiveCfg = Debug|Any CPU
		{256BFFAD-4033-40B4-AEA5-B8DAA9C56729}.Debug|Any CPU.Build.0 = Debug|Any CPU
		{256BFFAD-4033-40B4-AEA5-B8DAA9C56729}.Release|Any CPU.ActiveCfg = Release|Any CPU
		{256BFFAD-4033-40B4-AEA5-B8DAA9C56729}.Release|Any CPU.Build.0 = Release|Any CPU
	EndGlobalSection
	GlobalSection(SolutionProperties) = preSolution
		HideSolutionNode = FALSE
	EndGlobalSection
	GlobalSection(ExtensibilityGlobals) = postSolution
		SolutionGuid = {6031BC75-E9B1-4024-B7A6-5FDA4246117A}
	EndGlobalSection
EndGlobal
